
Microsoft Visual Studio Solution File, Format Version 12.00
# Visual Studio Version 16
VisualStudioVersion = 16.0.34114.132
MinimumVisualStudioVersion = 10.0.40219.1
Project("{FAE04EC0-301F-11D3-BF4B-00C04F79EFBC}") = "FormsApp", "FormsApp.csproj", "{9AB940EA-108D-4C9C-BFE8-33B1D3FDE5CA}"
EndProject
Global
	GlobalSection(SolutionConfigurationPlatforms) = preSolution
		Debug|Any CPU = Debug|Any CPU
		Release|Any CPU = Release|Any CPU
	EndGlobalSection
	GlobalSection(ProjectConfigurationPlatforms) = postSolution
		{9AB940EA-108D-4C9C-BFE8-33B1D3FDE5CA}.Debug|Any CPU.ActiveCfg = Debug|Any CPU
		{9AB940EA-108D-4C9C-BFE8-33B1D3FDE5CA}.Debug|Any CPU.Build.0 = Debug|Any CPU
		{9AB940EA-108D-4C9C-BFE8-33B1D3FDE5CA}.Release|Any CPU.ActiveCfg = Release|Any CPU
		{9AB940EA-108D-4C9C-BFE8-33B1D3FDE5CA}.Release|Any CPU.Build.0 = Release|Any CPU
	EndGlobalSection
	GlobalSection(SolutionProperties) = preSolution
		HideSolutionNode = FALSE
	EndGlobalSection
	GlobalSection(ExtensibilityGlobals) = postSolution
		SolutionGuid = {C1EC102E-C2F1-4F75-8A7C-53A8FA512334}
	EndGlobalSection
EndGlobal
