
Microsoft Visual Studio Solution File, Format Version 12.00
# Visual Studio Version 16
VisualStudioVersion = 16.0.34114.132
MinimumVisualStudioVersion = 10.0.40219.1
Project("{FAE04EC0-301F-11D3-BF4B-00C04F79EFBC}") = "WindowsFormsApp1", "WindowsFormsApp1.csproj", "{3E0619B1-4E8A-4D30-9F62-FE94296E4E1C}"
EndProject
Global
	GlobalSection(SolutionConfigurationPlatforms) = preSolution
		Debug|Any CPU = Debug|Any CPU
		Release|Any CPU = Release|Any CPU
	EndGlobalSection
	GlobalSection(ProjectConfigurationPlatforms) = postSolution
		{3E0619B1-4E8A-4D30-9F62-FE94296E4E1C}.Debug|Any CPU.ActiveCfg = Debug|Any CPU
		{3E0619B1-4E8A-4D30-9F62-FE94296E4E1C}.Debug|Any CPU.Build.0 = Debug|Any CPU
		{3E0619B1-4E8A-4D30-9F62-FE94296E4E1C}.Release|Any CPU.ActiveCfg = Release|Any CPU
		{3E0619B1-4E8A-4D30-9F62-FE94296E4E1C}.Release|Any CPU.Build.0 = Release|Any CPU
	EndGlobalSection
	GlobalSection(SolutionProperties) = preSolution
		HideSolutionNode = FALSE
	EndGlobalSection
	GlobalSection(ExtensibilityGlobals) = postSolution
		SolutionGuid = {AE872E8B-049E-407E-B893-4BE009A05CDC}
	EndGlobalSection
EndGlobal
